
Microsoft Visual Studio Solution File, Format Version 12.00
# Blend for Visual Studio Version 16
VisualStudioVersion = 16.0.30907.101
MinimumVisualStudioVersion = 10.0.40219.1
Project("{FAE04EC0-301F-11D3-BF4B-00C04F79EFBC}") = "Shop", "Shop\Shop.csproj", "{9C54E11B-F8EA-4E83-928A-A896E632EEF0}"
EndProject
Global
	GlobalSection(SolutionConfigurationPlatforms) = preSolution
		Debug|Any CPU = Debug|Any CPU
		Release|Any CPU = Release|Any CPU
	EndGlobalSection
	GlobalSection(ProjectConfigurationPlatforms) = postSolution
		{9C54E11B-F8EA-4E83-928A-A896E632EEF0}.Debug|Any CPU.ActiveCfg = Debug|Any CPU
		{9C54E11B-F8EA-4E83-928A-A896E632EEF0}.Debug|Any CPU.Build.0 = Debug|Any CPU
		{9C54E11B-F8EA-4E83-928A-A896E632EEF0}.Release|Any CPU.ActiveCfg = Release|Any CPU
		{9C54E11B-F8EA-4E83-928A-A896E632EEF0}.Release|Any CPU.Build.0 = Release|Any CPU
	EndGlobalSection
	GlobalSection(SolutionProperties) = preSolution
		HideSolutionNode = FALSE
	EndGlobalSection
	GlobalSection(ExtensibilityGlobals) = postSolution
		SolutionGuid = {27AA591B-EF08-4A00-A4EE-1D30D6E78869}
	EndGlobalSection
EndGlobal
