
Microsoft Visual Studio Solution File, Format Version 12.00
# Visual Studio Version 16
VisualStudioVersion = 16.0.31205.134
MinimumVisualStudioVersion = 10.0.40219.1
Project("{FAE04EC0-301F-11D3-BF4B-00C04F79EFBC}") = "WPF11Lab", "WPF11Lab\WPF11Lab.csproj", "{FA58D0C8-4190-47FD-9596-91D787F4742F}"
EndProject
Global
	GlobalSection(SolutionConfigurationPlatforms) = preSolution
		Debug|Any CPU = Debug|Any CPU
		Release|Any CPU = Release|Any CPU
	EndGlobalSection
	GlobalSection(ProjectConfigurationPlatforms) = postSolution
		{FA58D0C8-4190-47FD-9596-91D787F4742F}.Debug|Any CPU.ActiveCfg = Debug|Any CPU
		{FA58D0C8-4190-47FD-9596-91D787F4742F}.Debug|Any CPU.Build.0 = Debug|Any CPU
		{FA58D0C8-4190-47FD-9596-91D787F4742F}.Release|Any CPU.ActiveCfg = Release|Any CPU
		{FA58D0C8-4190-47FD-9596-91D787F4742F}.Release|Any CPU.Build.0 = Release|Any CPU
	EndGlobalSection
	GlobalSection(SolutionProperties) = preSolution
		HideSolutionNode = FALSE
	EndGlobalSection
	GlobalSection(ExtensibilityGlobals) = postSolution
		SolutionGuid = {056CF157-0527-49BD-9626-3C4DCF8778E0}
	EndGlobalSection
EndGlobal
