
Microsoft Visual Studio Solution File, Format Version 12.00
# Visual Studio Version 16
VisualStudioVersion = 16.0.31205.134
MinimumVisualStudioVersion = 10.0.40219.1
Project("{FAE04EC0-301F-11D3-BF4B-00C04F79EFBC}") = "WPF10Lab", "WPF10Lab\WPF10Lab.csproj", "{93AED094-DAC2-492A-9142-49E4CA69974D}"
EndProject
Global
	GlobalSection(SolutionConfigurationPlatforms) = preSolution
		Debug|Any CPU = Debug|Any CPU
		Release|Any CPU = Release|Any CPU
	EndGlobalSection
	GlobalSection(ProjectConfigurationPlatforms) = postSolution
		{93AED094-DAC2-492A-9142-49E4CA69974D}.Debug|Any CPU.ActiveCfg = Debug|Any CPU
		{93AED094-DAC2-492A-9142-49E4CA69974D}.Debug|Any CPU.Build.0 = Debug|Any CPU
		{93AED094-DAC2-492A-9142-49E4CA69974D}.Release|Any CPU.ActiveCfg = Release|Any CPU
		{93AED094-DAC2-492A-9142-49E4CA69974D}.Release|Any CPU.Build.0 = Release|Any CPU
	EndGlobalSection
	GlobalSection(SolutionProperties) = preSolution
		HideSolutionNode = FALSE
	EndGlobalSection
	GlobalSection(ExtensibilityGlobals) = postSolution
		SolutionGuid = {3F99FDA5-EA32-4E33-B7AB-E714755E8D4F}
	EndGlobalSection
EndGlobal
